// !$*UTF8*$!
{
	archiveVersion = 1;
	classes = {
	};
	objectVersion = 56;
	objects = {

/* Begin PBXBuildFile section */
		3F3E67972BEC646900D28EF8 /* AppDelegate.swift in Sources */ = {isa = PBXBuildFile; fileRef = 3F3E67962BEC646900D28EF8 /* AppDelegate.swift */; };
		3F3E67992BEC646900D28EF8 /* SceneDelegate.swift in Sources */ = {isa = PBXBuildFile; fileRef = 3F3E67982BEC646900D28EF8 /* SceneDelegate.swift */; };
		3F3E679E2BEC646900D28EF8 /* Base in Resources */ = {isa = PBXBuildFile; fileRef = 3F3E679D2BEC646900D28EF8 /* Base */; };
		3F3E67A02BEC646C00D28EF8 /* Assets.xcassets in Resources */ = {isa = PBXBuildFile; fileRef = 3F3E679F2BEC646C00D28EF8 /* Assets.xcassets */; };
		3F3E67A32BEC646C00D28EF8 /* Base in Resources */ = {isa = PBXBuildFile; fileRef = 3F3E67A22BEC646C00D28EF8 /* Base */; };
		3F3E67AE2BEC646C00D28EF8 /* ReadingBooks2Tests.swift in Sources */ = {isa = PBXBuildFile; fileRef = 3F3E67AD2BEC646C00D28EF8 /* ReadingBooks2Tests.swift */; };
		3F3E67B82BEC646C00D28EF8 /* ReadingBooks2UITests.swift in Sources */ = {isa = PBXBuildFile; fileRef = 3F3E67B72BEC646C00D28EF8 /* ReadingBooks2UITests.swift */; };
		3F3E67BA2BEC646C00D28EF8 /* ReadingBooks2UITestsLaunchTests.swift in Sources */ = {isa = PBXBuildFile; fileRef = 3F3E67B92BEC646C00D28EF8 /* ReadingBooks2UITestsLaunchTests.swift */; };
		3F3E67C82BEC64B100D28EF8 /* SnapKit in Frameworks */ = {isa = PBXBuildFile; productRef = 3F3E67C72BEC64B100D28EF8 /* SnapKit */; };
		3F3E67CF2BEC660E00D28EF8 /* ViewController1.swift in Sources */ = {isa = PBXBuildFile; fileRef = 3F3E67CE2BEC660E00D28EF8 /* ViewController1.swift */; };
		3F3E67D12BEC661800D28EF8 /* ViewController2.swift in Sources */ = {isa = PBXBuildFile; fileRef = 3F3E67D02BEC661800D28EF8 /* ViewController2.swift */; };
		3FD8DF3F2BEC9DDD007F14CD /* DetailViewController.swift in Sources */ = {isa = PBXBuildFile; fileRef = 3FD8DF3E2BEC9DDD007F14CD /* DetailViewController.swift */; };
		3FD8DF432BED2422007F14CD /* RecentlyCollectionViewCell.swift in Sources */ = {isa = PBXBuildFile; fileRef = 3FD8DF422BED2422007F14CD /* RecentlyCollectionViewCell.swift */; };
		3FD8DF452BED242D007F14CD /* ListCollectionViewCell.swift in Sources */ = {isa = PBXBuildFile; fileRef = 3FD8DF442BED242D007F14CD /* ListCollectionViewCell.swift */; };
		3FD8DF472BED2B1D007F14CD /* DataModel.swift in Sources */ = {isa = PBXBuildFile; fileRef = 3FD8DF462BED2B1D007F14CD /* DataModel.swift */; };
		3FD8DF492BED4816007F14CD /* SearchResultCell.swift in Sources */ = {isa = PBXBuildFile; fileRef = 3FD8DF482BED4816007F14CD /* SearchResultCell.swift */; };
		3FD8DF4B2BED4A04007F14CD /* NetworkManager.swift in Sources */ = {isa = PBXBuildFile; fileRef = 3FD8DF4A2BED4A04007F14CD /* NetworkManager.swift */; };
		3FD8DF4E2BED4C9D007F14CD /* CoreData.xcdatamodeld in Sources */ = {isa = PBXBuildFile; fileRef = 3FD8DF4C2BED4C9D007F14CD /* CoreData.xcdatamodeld */; };
		3FD8DF512BED5021007F14CD /* WishListCollectionViewCell.swift in Sources */ = {isa = PBXBuildFile; fileRef = 3FD8DF502BED5021007F14CD /* WishListCollectionViewCell.swift */; };
		3FD8DF542BED513F007F14CD /* Kingfisher in Frameworks */ = {isa = PBXBuildFile; productRef = 3FD8DF532BED513F007F14CD /* Kingfisher */; };
		3FD8DF572BED568B007F14CD /* Alamofire in Frameworks */ = {isa = PBXBuildFile; productRef = 3FD8DF562BED568B007F14CD /* Alamofire */; };
/* End PBXBuildFile section */

/* Begin PBXContainerItemProxy section */
		3F3E67AA2BEC646C00D28EF8 /* PBXContainerItemProxy */ = {
			isa = PBXContainerItemProxy;
			containerPortal = 3F3E678B2BEC646900D28EF8 /* Project object */;
			proxyType = 1;
			remoteGlobalIDString = 3F3E67922BEC646900D28EF8;
			remoteInfo = ReadingBooks2;
		};
		3F3E67B42BEC646C00D28EF8 /* PBXContainerItemProxy */ = {
			isa = PBXContainerItemProxy;
			containerPortal = 3F3E678B2BEC646900D28EF8 /* Project object */;
			proxyType = 1;
			remoteGlobalIDString = 3F3E67922BEC646900D28EF8;
			remoteInfo = ReadingBooks2;
		};
/* End PBXContainerItemProxy section */

/* Begin PBXFileReference section */
		3F3E67932BEC646900D28EF8 /* ReadingBooks2.app */ = {isa = PBXFileReference; explicitFileType = wrapper.application; includeInIndex = 0; path = ReadingBooks2.app; sourceTree = BUILT_PRODUCTS_DIR; };
		3F3E67962BEC646900D28EF8 /* AppDelegate.swift */ = {isa = PBXFileReference; lastKnownFileType = sourcecode.swift; path = AppDelegate.swift; sourceTree = "<group>"; };
		3F3E67982BEC646900D28EF8 /* SceneDelegate.swift */ = {isa = PBXFileReference; lastKnownFileType = sourcecode.swift; path = SceneDelegate.swift; sourceTree = "<group>"; };
		3F3E679D2BEC646900D28EF8 /* Base */ = {isa = PBXFileReference; lastKnownFileType = file.storyboard; name = Base; path = Base.lproj/Main.storyboard; sourceTree = "<group>"; };
		3F3E679F2BEC646C00D28EF8 /* Assets.xcassets */ = {isa = PBXFileReference; lastKnownFileType = folder.assetcatalog; path = Assets.xcassets; sourceTree = "<group>"; };
		3F3E67A22BEC646C00D28EF8 /* Base */ = {isa = PBXFileReference; lastKnownFileType = file.storyboard; name = Base; path = Base.lproj/LaunchScreen.storyboard; sourceTree = "<group>"; };
		3F3E67A42BEC646C00D28EF8 /* Info.plist */ = {isa = PBXFileReference; lastKnownFileType = text.plist.xml; path = Info.plist; sourceTree = "<group>"; };
		3F3E67A92BEC646C00D28EF8 /* ReadingBooks2Tests.xctest */ = {isa = PBXFileReference; explicitFileType = wrapper.cfbundle; includeInIndex = 0; path = ReadingBooks2Tests.xctest; sourceTree = BUILT_PRODUCTS_DIR; };
		3F3E67AD2BEC646C00D28EF8 /* ReadingBooks2Tests.swift */ = {isa = PBXFileReference; lastKnownFileType = sourcecode.swift; path = ReadingBooks2Tests.swift; sourceTree = "<group>"; };
		3F3E67B32BEC646C00D28EF8 /* ReadingBooks2UITests.xctest */ = {isa = PBXFileReference; explicitFileType = wrapper.cfbundle; includeInIndex = 0; path = ReadingBooks2UITests.xctest; sourceTree = BUILT_PRODUCTS_DIR; };
		3F3E67B72BEC646C00D28EF8 /* ReadingBooks2UITests.swift */ = {isa = PBXFileReference; lastKnownFileType = sourcecode.swift; path = ReadingBooks2UITests.swift; sourceTree = "<group>"; };
		3F3E67B92BEC646C00D28EF8 /* ReadingBooks2UITestsLaunchTests.swift */ = {isa = PBXFileReference; lastKnownFileType = sourcecode.swift; path = ReadingBooks2UITestsLaunchTests.swift; sourceTree = "<group>"; };
		3F3E67CE2BEC660E00D28EF8 /* ViewController1.swift */ = {isa = PBXFileReference; lastKnownFileType = sourcecode.swift; path = ViewController1.swift; sourceTree = "<group>"; };
		3F3E67D02BEC661800D28EF8 /* ViewController2.swift */ = {isa = PBXFileReference; lastKnownFileType = sourcecode.swift; path = ViewController2.swift; sourceTree = "<group>"; };
		3FD8DF3E2BEC9DDD007F14CD /* DetailViewController.swift */ = {isa = PBXFileReference; lastKnownFileType = sourcecode.swift; path = DetailViewController.swift; sourceTree = "<group>"; };
		3FD8DF422BED2422007F14CD /* RecentlyCollectionViewCell.swift */ = {isa = PBXFileReference; lastKnownFileType = sourcecode.swift; path = RecentlyCollectionViewCell.swift; sourceTree = "<group>"; };
		3FD8DF442BED242D007F14CD /* ListCollectionViewCell.swift */ = {isa = PBXFileReference; lastKnownFileType = sourcecode.swift; path = ListCollectionViewCell.swift; sourceTree = "<group>"; };
		3FD8DF462BED2B1D007F14CD /* DataModel.swift */ = {isa = PBXFileReference; lastKnownFileType = sourcecode.swift; path = DataModel.swift; sourceTree = "<group>"; };
		3FD8DF482BED4816007F14CD /* SearchResultCell.swift */ = {isa = PBXFileReference; lastKnownFileType = sourcecode.swift; path = SearchResultCell.swift; sourceTree = "<group>"; };
		3FD8DF4A2BED4A04007F14CD /* NetworkManager.swift */ = {isa = PBXFileReference; lastKnownFileType = sourcecode.swift; path = NetworkManager.swift; sourceTree = "<group>"; };
		3FD8DF4D2BED4C9D007F14CD /* CoreData.xcdatamodel */ = {isa = PBXFileReference; lastKnownFileType = wrapper.xcdatamodel; path = CoreData.xcdatamodel; sourceTree = "<group>"; };
		3FD8DF502BED5021007F14CD /* WishListCollectionViewCell.swift */ = {isa = PBXFileReference; lastKnownFileType = sourcecode.swift; path = WishListCollectionViewCell.swift; sourceTree = "<group>"; };
/* End PBXFileReference section */

/* Begin PBXFrameworksBuildPhase section */
		3F3E67902BEC646900D28EF8 /* Frameworks */ = {
			isa = PBXFrameworksBuildPhase;
			buildActionMask = 2147483647;
			files = (
				3FD8DF572BED568B007F14CD /* Alamofire in Frameworks */,
				3FD8DF542BED513F007F14CD /* Kingfisher in Frameworks */,
				3F3E67C82BEC64B100D28EF8 /* SnapKit in Frameworks */,
			);
			runOnlyForDeploymentPostprocessing = 0;
		};
		3F3E67A62BEC646C00D28EF8 /* Frameworks */ = {
			isa = PBXFrameworksBuildPhase;
			buildActionMask = 2147483647;
			files = (
			);
			runOnlyForDeploymentPostprocessing = 0;
		};
		3F3E67B02BEC646C00D28EF8 /* Frameworks */ = {
			isa = PBXFrameworksBuildPhase;
			buildActionMask = 2147483647;
			files = (
			);
			runOnlyForDeploymentPostprocessing = 0;
		};
/* End PBXFrameworksBuildPhase section */

/* Begin PBXGroup section */
		3F3E678A2BEC646900D28EF8 = {
			isa = PBXGroup;
			children = (
				3F3E67952BEC646900D28EF8 /* ReadingBooks2 */,
				3F3E67AC2BEC646C00D28EF8 /* ReadingBooks2Tests */,
				3F3E67B62BEC646C00D28EF8 /* ReadingBooks2UITests */,
				3F3E67942BEC646900D28EF8 /* Products */,
			);
			sourceTree = "<group>";
		};
		3F3E67942BEC646900D28EF8 /* Products */ = {
			isa = PBXGroup;
			children = (
				3F3E67932BEC646900D28EF8 /* ReadingBooks2.app */,
				3F3E67A92BEC646C00D28EF8 /* ReadingBooks2Tests.xctest */,
				3F3E67B32BEC646C00D28EF8 /* ReadingBooks2UITests.xctest */,
			);
			name = Products;
			sourceTree = "<group>";
		};
		3F3E67952BEC646900D28EF8 /* ReadingBooks2 */ = {
			isa = PBXGroup;
			children = (
				3F3E67CB2BEC64D400D28EF8 /* Controller */,
				3F3E67CA2BEC64CD00D28EF8 /* View */,
				3F3E67C92BEC64C600D28EF8 /* Model */,
				3F3E67962BEC646900D28EF8 /* AppDelegate.swift */,
				3F3E67982BEC646900D28EF8 /* SceneDelegate.swift */,
				3F3E679C2BEC646900D28EF8 /* Main.storyboard */,
				3F3E679F2BEC646C00D28EF8 /* Assets.xcassets */,
				3F3E67A12BEC646C00D28EF8 /* LaunchScreen.storyboard */,
				3F3E67A42BEC646C00D28EF8 /* Info.plist */,
				3FD8DF4C2BED4C9D007F14CD /* CoreData.xcdatamodeld */,
			);
			path = ReadingBooks2;
			sourceTree = "<group>";
		};
		3F3E67AC2BEC646C00D28EF8 /* ReadingBooks2Tests */ = {
			isa = PBXGroup;
			children = (
				3F3E67AD2BEC646C00D28EF8 /* ReadingBooks2Tests.swift */,
			);
			path = ReadingBooks2Tests;
			sourceTree = "<group>";
		};
		3F3E67B62BEC646C00D28EF8 /* ReadingBooks2UITests */ = {
			isa = PBXGroup;
			children = (
				3F3E67B72BEC646C00D28EF8 /* ReadingBooks2UITests.swift */,
				3F3E67B92BEC646C00D28EF8 /* ReadingBooks2UITestsLaunchTests.swift */,
			);
			path = ReadingBooks2UITests;
			sourceTree = "<group>";
		};
		3F3E67C92BEC64C600D28EF8 /* Model */ = {
			isa = PBXGroup;
			children = (
				3FD8DF462BED2B1D007F14CD /* DataModel.swift */,
				3FD8DF4A2BED4A04007F14CD /* NetworkManager.swift */,
			);
			path = Model;
			sourceTree = "<group>";
		};
		3F3E67CA2BEC64CD00D28EF8 /* View */ = {
			isa = PBXGroup;
			children = (
			);
			path = View;
			sourceTree = "<group>";
		};
		3F3E67CB2BEC64D400D28EF8 /* Controller */ = {
			isa = PBXGroup;
			children = (
				3F3E67CE2BEC660E00D28EF8 /* ViewController1.swift */,
				3F3E67D02BEC661800D28EF8 /* ViewController2.swift */,
				3FD8DF3E2BEC9DDD007F14CD /* DetailViewController.swift */,
				3FD8DF422BED2422007F14CD /* RecentlyCollectionViewCell.swift */,
				3FD8DF442BED242D007F14CD /* ListCollectionViewCell.swift */,
				3FD8DF482BED4816007F14CD /* SearchResultCell.swift */,
				3FD8DF502BED5021007F14CD /* WishListCollectionViewCell.swift */,
			);
			path = Controller;
			sourceTree = "<group>";
		};
/* End PBXGroup section */

/* Begin PBXNativeTarget section */
		3F3E67922BEC646900D28EF8 /* ReadingBooks2 */ = {
			isa = PBXNativeTarget;
			buildConfigurationList = 3F3E67BD2BEC646C00D28EF8 /* Build configuration list for PBXNativeTarget "ReadingBooks2" */;
			buildPhases = (
				3F3E678F2BEC646900D28EF8 /* Sources */,
				3F3E67902BEC646900D28EF8 /* Frameworks */,
				3F3E67912BEC646900D28EF8 /* Resources */,
			);
			buildRules = (
			);
			dependencies = (
			);
			name = ReadingBooks2;
			packageProductDependencies = (
				3F3E67C72BEC64B100D28EF8 /* SnapKit */,
				3FD8DF532BED513F007F14CD /* Kingfisher */,
				3FD8DF562BED568B007F14CD /* Alamofire */,
			);
			productName = ReadingBooks2;
			productReference = 3F3E67932BEC646900D28EF8 /* ReadingBooks2.app */;
			productType = "com.apple.product-type.application";
		};
		3F3E67A82BEC646C00D28EF8 /* ReadingBooks2Tests */ = {
			isa = PBXNativeTarget;
			buildConfigurationList = 3F3E67C02BEC646C00D28EF8 /* Build configuration list for PBXNativeTarget "ReadingBooks2Tests" */;
			buildPhases = (
				3F3E67A52BEC646C00D28EF8 /* Sources */,
				3F3E67A62BEC646C00D28EF8 /* Frameworks */,
				3F3E67A72BEC646C00D28EF8 /* Resources */,
			);
			buildRules = (
			);
			dependencies = (
				3F3E67AB2BEC646C00D28EF8 /* PBXTargetDependency */,
			);
			name = ReadingBooks2Tests;
			productName = ReadingBooks2Tests;
			productReference = 3F3E67A92BEC646C00D28EF8 /* ReadingBooks2Tests.xctest */;
			productType = "com.apple.product-type.bundle.unit-test";
		};
		3F3E67B22BEC646C00D28EF8 /* ReadingBooks2UITests */ = {
			isa = PBXNativeTarget;
			buildConfigurationList = 3F3E67C32BEC646C00D28EF8 /* Build configuration list for PBXNativeTarget "ReadingBooks2UITests" */;
			buildPhases = (
				3F3E67AF2BEC646C00D28EF8 /* Sources */,
				3F3E67B02BEC646C00D28EF8 /* Frameworks */,
				3F3E67B12BEC646C00D28EF8 /* Resources */,
			);
			buildRules = (
			);
			dependencies = (
				3F3E67B52BEC646C00D28EF8 /* PBXTargetDependency */,
			);
			name = ReadingBooks2UITests;
			productName = ReadingBooks2UITests;
			productReference = 3F3E67B32BEC646C00D28EF8 /* ReadingBooks2UITests.xctest */;
			productType = "com.apple.product-type.bundle.ui-testing";
		};
/* End PBXNativeTarget section */

/* Begin PBXProject section */
		3F3E678B2BEC646900D28EF8 /* Project object */ = {
			isa = PBXProject;
			attributes = {
				BuildIndependentTargetsInParallel = 1;
				LastSwiftUpdateCheck = 1530;
				LastUpgradeCheck = 1530;
				TargetAttributes = {
					3F3E67922BEC646900D28EF8 = {
						CreatedOnToolsVersion = 15.3;
					};
					3F3E67A82BEC646C00D28EF8 = {
						CreatedOnToolsVersion = 15.3;
						TestTargetID = 3F3E67922BEC646900D28EF8;
					};
					3F3E67B22BEC646C00D28EF8 = {
						CreatedOnToolsVersion = 15.3;
						TestTargetID = 3F3E67922BEC646900D28EF8;
					};
				};
			};
			buildConfigurationList = 3F3E678E2BEC646900D28EF8 /* Build configuration list for PBXProject "ReadingBooks2" */;
			compatibilityVersion = "Xcode 14.0";
			developmentRegion = en;
			hasScannedForEncodings = 0;
			knownRegions = (
				en,
				Base,
			);
			mainGroup = 3F3E678A2BEC646900D28EF8;
			packageReferences = (
				3F3E67C62BEC64B100D28EF8 /* XCRemoteSwiftPackageReference "SnapKit" */,
				3FD8DF522BED513F007F14CD /* XCRemoteSwiftPackageReference "Kingfisher" */,
				3FD8DF552BED568B007F14CD /* XCRemoteSwiftPackageReference "Alamofire" */,
			);
			productRefGroup = 3F3E67942BEC646900D28EF8 /* Products */;
			projectDirPath = "";
			projectRoot = "";
			targets = (
				3F3E67922BEC646900D28EF8 /* ReadingBooks2 */,
				3F3E67A82BEC646C00D28EF8 /* ReadingBooks2Tests */,
				3F3E67B22BEC646C00D28EF8 /* ReadingBooks2UITests */,
			);
		};
/* End PBXProject section */

/* Begin PBXResourcesBuildPhase section */
		3F3E67912BEC646900D28EF8 /* Resources */ = {
			isa = PBXResourcesBuildPhase;
			buildActionMask = 2147483647;
			files = (
				3F3E67A02BEC646C00D28EF8 /* Assets.xcassets in Resources */,
				3F3E67A32BEC646C00D28EF8 /* Base in Resources */,
				3F3E679E2BEC646900D28EF8 /* Base in Resources */,
			);
			runOnlyForDeploymentPostprocessing = 0;
		};
		3F3E67A72BEC646C00D28EF8 /* Resources */ = {
			isa = PBXResourcesBuildPhase;
			buildActionMask = 2147483647;
			files = (
			);
			runOnlyForDeploymentPostprocessing = 0;
		};
		3F3E67B12BEC646C00D28EF8 /* Resources */ = {
			isa = PBXResourcesBuildPhase;
			buildActionMask = 2147483647;
			files = (
			);
			runOnlyForDeploymentPostprocessing = 0;
		};
/* End PBXResourcesBuildPhase section */

/* Begin PBXSourcesBuildPhase section */
		3F3E678F2BEC646900D28EF8 /* Sources */ = {
			isa = PBXSourcesBuildPhase;
			buildActionMask = 2147483647;
			files = (
				3F3E67CF2BEC660E00D28EF8 /* ViewController1.swift in Sources */,
				3FD8DF452BED242D007F14CD /* ListCollectionViewCell.swift in Sources */,
				3FD8DF4B2BED4A04007F14CD /* NetworkManager.swift in Sources */,
				3FD8DF4E2BED4C9D007F14CD /* CoreData.xcdatamodeld in Sources */,
				3F3E67972BEC646900D28EF8 /* AppDelegate.swift in Sources */,
				3FD8DF3F2BEC9DDD007F14CD /* DetailViewController.swift in Sources */,
				3FD8DF432BED2422007F14CD /* RecentlyCollectionViewCell.swift in Sources */,
				3F3E67992BEC646900D28EF8 /* SceneDelegate.swift in Sources */,
				3F3E67D12BEC661800D28EF8 /* ViewController2.swift in Sources */,
				3FD8DF492BED4816007F14CD /* SearchResultCell.swift in Sources */,
				3FD8DF512BED5021007F14CD /* WishListCollectionViewCell.swift in Sources */,
				3FD8DF472BED2B1D007F14CD /* DataModel.swift in Sources */,
			);
			runOnlyForDeploymentPostprocessing = 0;
		};
		3F3E67A52BEC646C00D28EF8 /* Sources */ = {
			isa = PBXSourcesBuildPhase;
			buildActionMask = 2147483647;
			files = (
				3F3E67AE2BEC646C00D28EF8 /* ReadingBooks2Tests.swift in Sources */,
			);
			runOnlyForDeploymentPostprocessing = 0;
		};
		3F3E67AF2BEC646C00D28EF8 /* Sources */ = {
			isa = PBXSourcesBuildPhase;
			buildActionMask = 2147483647;
			files = (
				3F3E67B82BEC646C00D28EF8 /* ReadingBooks2UITests.swift in Sources */,
				3F3E67BA2BEC646C00D28EF8 /* ReadingBooks2UITestsLaunchTests.swift in Sources */,
			);
			runOnlyForDeploymentPostprocessing = 0;
		};
/* End PBXSourcesBuildPhase section */

/* Begin PBXTargetDependency section */
		3F3E67AB2BEC646C00D28EF8 /* PBXTargetDependency */ = {
			isa = PBXTargetDependency;
			target = 3F3E67922BEC646900D28EF8 /* ReadingBooks2 */;
			targetProxy = 3F3E67AA2BEC646C00D28EF8 /* PBXContainerItemProxy */;
		};
		3F3E67B52BEC646C00D28EF8 /* PBXTargetDependency */ = {
			isa = PBXTargetDependency;
			target = 3F3E67922BEC646900D28EF8 /* ReadingBooks2 */;
			targetProxy = 3F3E67B42BEC646C00D28EF8 /* PBXContainerItemProxy */;
		};
/* End PBXTargetDependency section */

/* Begin PBXVariantGroup section */
		3F3E679C2BEC646900D28EF8 /* Main.storyboard */ = {
			isa = PBXVariantGroup;
			children = (
				3F3E679D2BEC646900D28EF8 /* Base */,
			);
			name = Main.storyboard;
			sourceTree = "<group>";
		};
		3F3E67A12BEC646C00D28EF8 /* LaunchScreen.storyboard */ = {
			isa = PBXVariantGroup;
			children = (
				3F3E67A22BEC646C00D28EF8 /* Base */,
			);
			name = LaunchScreen.storyboard;
			sourceTree = "<group>";
		};
/* End PBXVariantGroup section */

/* Begin XCBuildConfiguration section */
		3F3E67BB2BEC646C00D28EF8 /* Debug */ = {
			isa = XCBuildConfiguration;
			buildSettings = {
				ALWAYS_SEARCH_USER_PATHS = NO;
				ASSETCATALOG_COMPILER_GENERATE_SWIFT_ASSET_SYMBOL_EXTENSIONS = YES;
				CLANG_ANALYZER_NONNULL = YES;
				CLANG_ANALYZER_NUMBER_OBJECT_CONVERSION = YES_AGGRESSIVE;
				CLANG_CXX_LANGUAGE_STANDARD = "gnu++20";
				CLANG_ENABLE_MODULES = YES;
				CLANG_ENABLE_OBJC_ARC = YES;
				CLANG_ENABLE_OBJC_WEAK = YES;
				CLANG_WARN_BLOCK_CAPTURE_AUTORELEASING = YES;
				CLANG_WARN_BOOL_CONVERSION = YES;
				CLANG_WARN_COMMA = YES;
				CLANG_WARN_CONSTANT_CONVERSION = YES;
				CLANG_WARN_DEPRECATED_OBJC_IMPLEMENTATIONS = YES;
				CLANG_WARN_DIRECT_OBJC_ISA_USAGE = YES_ERROR;
				CLANG_WARN_DOCUMENTATION_COMMENTS = YES;
				CLANG_WARN_EMPTY_BODY = YES;
				CLANG_WARN_ENUM_CONVERSION = YES;
				CLANG_WARN_INFINITE_RECURSION = YES;
				CLANG_WARN_INT_CONVERSION = YES;
				CLANG_WARN_NON_LITERAL_NULL_CONVERSION = YES;
				CLANG_WARN_OBJC_IMPLICIT_RETAIN_SELF = YES;
				CLANG_WARN_OBJC_LITERAL_CONVERSION = YES;
				CLANG_WARN_OBJC_ROOT_CLASS = YES_ERROR;
				CLANG_WARN_QUOTED_INCLUDE_IN_FRAMEWORK_HEADER = YES;
				CLANG_WARN_RANGE_LOOP_ANALYSIS = YES;
				CLANG_WARN_STRICT_PROTOTYPES = YES;
				CLANG_WARN_SUSPICIOUS_MOVE = YES;
				CLANG_WARN_UNGUARDED_AVAILABILITY = YES_AGGRESSIVE;
				CLANG_WARN_UNREACHABLE_CODE = YES;
				CLANG_WARN__DUPLICATE_METHOD_MATCH = YES;
				COPY_PHASE_STRIP = NO;
				DEBUG_INFORMATION_FORMAT = dwarf;
				ENABLE_STRICT_OBJC_MSGSEND = YES;
				ENABLE_TESTABILITY = YES;
				ENABLE_USER_SCRIPT_SANDBOXING = YES;
				GCC_C_LANGUAGE_STANDARD = gnu17;
				GCC_DYNAMIC_NO_PIC = NO;
				GCC_NO_COMMON_BLOCKS = YES;
				GCC_OPTIMIZATION_LEVEL = 0;
				GCC_PREPROCESSOR_DEFINITIONS = (
					"DEBUG=1",
					"$(inherited)",
				);
				GCC_WARN_64_TO_32_BIT_CONVERSION = YES;
				GCC_WARN_ABOUT_RETURN_TYPE = YES_ERROR;
				GCC_WARN_UNDECLARED_SELECTOR = YES;
				GCC_WARN_UNINITIALIZED_AUTOS = YES_AGGRESSIVE;
				GCC_WARN_UNUSED_FUNCTION = YES;
				GCC_WARN_UNUSED_VARIABLE = YES;
				IPHONEOS_DEPLOYMENT_TARGET = 17.4;
				LOCALIZATION_PREFERS_STRING_CATALOGS = YES;
				MTL_ENABLE_DEBUG_INFO = INCLUDE_SOURCE;
				MTL_FAST_MATH = YES;
				ONLY_ACTIVE_ARCH = YES;
				SDKROOT = iphoneos;
				SWIFT_ACTIVE_COMPILATION_CONDITIONS = "DEBUG $(inherited)";
				SWIFT_OPTIMIZATION_LEVEL = "-Onone";
			};
			name = Debug;
		};
		3F3E67BC2BEC646C00D28EF8 /* Release */ = {
			isa = XCBuildConfiguration;
			buildSettings = {
				ALWAYS_SEARCH_USER_PATHS = NO;
				ASSETCATALOG_COMPILER_GENERATE_SWIFT_ASSET_SYMBOL_EXTENSIONS = YES;
				CLANG_ANALYZER_NONNULL = YES;
				CLANG_ANALYZER_NUMBER_OBJECT_CONVERSION = YES_AGGRESSIVE;
				CLANG_CXX_LANGUAGE_STANDARD = "gnu++20";
				CLANG_ENABLE_MODULES = YES;
				CLANG_ENABLE_OBJC_ARC = YES;
				CLANG_ENABLE_OBJC_WEAK = YES;
				CLANG_WARN_BLOCK_CAPTURE_AUTORELEASING = YES;
				CLANG_WARN_BOOL_CONVERSION = YES;
				CLANG_WARN_COMMA = YES;
				CLANG_WARN_CONSTANT_CONVERSION = YES;
				CLANG_WARN_DEPRECATED_OBJC_IMPLEMENTATIONS = YES;
				CLANG_WARN_DIRECT_OBJC_ISA_USAGE = YES_ERROR;
				CLANG_WARN_DOCUMENTATION_COMMENTS = YES;
				CLANG_WARN_EMPTY_BODY = YES;
				CLANG_WARN_ENUM_CONVERSION = YES;
				CLANG_WARN_INFINITE_RECURSION = YES;
				CLANG_WARN_INT_CONVERSION = YES;
				CLANG_WARN_NON_LITERAL_NULL_CONVERSION = YES;
				CLANG_WARN_OBJC_IMPLICIT_RETAIN_SELF = YES;
				CLANG_WARN_OBJC_LITERAL_CONVERSION = YES;
				CLANG_WARN_OBJC_ROOT_CLASS = YES_ERROR;
				CLANG_WARN_QUOTED_INCLUDE_IN_FRAMEWORK_HEADER = YES;
				CLANG_WARN_RANGE_LOOP_ANALYSIS = YES;
				CLANG_WARN_STRICT_PROTOTYPES = YES;
				CLANG_WARN_SUSPICIOUS_MOVE = YES;
				CLANG_WARN_UNGUARDED_AVAILABILITY = YES_AGGRESSIVE;
				CLANG_WARN_UNREACHABLE_CODE = YES;
				CLANG_WARN__DUPLICATE_METHOD_MATCH = YES;
				COPY_PHASE_STRIP = NO;
				DEBUG_INFORMATION_FORMAT = "dwarf-with-dsym";
				ENABLE_NS_ASSERTIONS = NO;
				ENABLE_STRICT_OBJC_MSGSEND = YES;
				ENABLE_USER_SCRIPT_SANDBOXING = YES;
				GCC_C_LANGUAGE_STANDARD = gnu17;
				GCC_NO_COMMON_BLOCKS = YES;
				GCC_WARN_64_TO_32_BIT_CONVERSION = YES;
				GCC_WARN_ABOUT_RETURN_TYPE = YES_ERROR;
				GCC_WARN_UNDECLARED_SELECTOR = YES;
				GCC_WARN_UNINITIALIZED_AUTOS = YES_AGGRESSIVE;
				GCC_WARN_UNUSED_FUNCTION = YES;
				GCC_WARN_UNUSED_VARIABLE = YES;
				IPHONEOS_DEPLOYMENT_TARGET = 17.4;
				LOCALIZATION_PREFERS_STRING_CATALOGS = YES;
				MTL_ENABLE_DEBUG_INFO = NO;
				MTL_FAST_MATH = YES;
				SDKROOT = iphoneos;
				SWIFT_COMPILATION_MODE = wholemodule;
				VALIDATE_PRODUCT = YES;
			};
			name = Release;
		};
		3F3E67BE2BEC646C00D28EF8 /* Debug */ = {
			isa = XCBuildConfiguration;
			buildSettings = {
				ASSETCATALOG_COMPILER_APPICON_NAME = AppIcon;
				ASSETCATALOG_COMPILER_GLOBAL_ACCENT_COLOR_NAME = AccentColor;
				CODE_SIGN_STYLE = Automatic;
				CURRENT_PROJECT_VERSION = 1;
				GENERATE_INFOPLIST_FILE = YES;
				INFOPLIST_FILE = ReadingBooks2/Info.plist;
				INFOPLIST_KEY_UIApplicationSupportsIndirectInputEvents = YES;
				INFOPLIST_KEY_UILaunchStoryboardName = LaunchScreen;
				INFOPLIST_KEY_UIMainStoryboardFile = Main;
				INFOPLIST_KEY_UISupportedInterfaceOrientations_iPad = "UIInterfaceOrientationPortrait UIInterfaceOrientationPortraitUpsideDown UIInterfaceOrientationLandscapeLeft UIInterfaceOrientationLandscapeRight";
				INFOPLIST_KEY_UISupportedInterfaceOrientations_iPhone = "UIInterfaceOrientationPortrait UIInterfaceOrientationLandscapeLeft UIInterfaceOrientationLandscapeRight";
				LD_RUNPATH_SEARCH_PATHS = (
					"$(inherited)",
					"@executable_path/Frameworks",
				);
				MARKETING_VERSION = 1.0;
				PRODUCT_BUNDLE_IDENTIFIER = com.taeng.ReadingBooks2;
				PRODUCT_NAME = "$(TARGET_NAME)";
				SWIFT_EMIT_LOC_STRINGS = YES;
				SWIFT_VERSION = 5.0;
				TARGETED_DEVICE_FAMILY = "1,2";
			};
			name = Debug;
		};
		3F3E67BF2BEC646C00D28EF8 /* Release */ = {
			isa = XCBuildConfiguration;
			buildSettings = {
				ASSETCATALOG_COMPILER_APPICON_NAME = AppIcon;
				ASSETCATALOG_COMPILER_GLOBAL_ACCENT_COLOR_NAME = AccentColor;
				CODE_SIGN_STYLE = Automatic;
				CURRENT_PROJECT_VERSION = 1;
				GENERATE_INFOPLIST_FILE = YES;
				INFOPLIST_FILE = ReadingBooks2/Info.plist;
				INFOPLIST_KEY_UIApplicationSupportsIndirectInputEvents = YES;
				INFOPLIST_KEY_UILaunchStoryboardName = LaunchScreen;
				INFOPLIST_KEY_UIMainStoryboardFile = Main;
				INFOPLIST_KEY_UISupportedInterfaceOrientations_iPad = "UIInterfaceOrientationPortrait UIInterfaceOrientationPortraitUpsideDown UIInterfaceOrientationLandscapeLeft UIInterfaceOrientationLandscapeRight";
				INFOPLIST_KEY_UISupportedInterfaceOrientations_iPhone = "UIInterfaceOrientationPortrait UIInterfaceOrientationLandscapeLeft UIInterfaceOrientationLandscapeRight";
				LD_RUNPATH_SEARCH_PATHS = (
					"$(inherited)",
					"@executable_path/Frameworks",
				);
				MARKETING_VERSION = 1.0;
				PRODUCT_BUNDLE_IDENTIFIER = com.taeng.ReadingBooks2;
				PRODUCT_NAME = "$(TARGET_NAME)";
				SWIFT_EMIT_LOC_STRINGS = YES;
				SWIFT_VERSION = 5.0;
				TARGETED_DEVICE_FAMILY = "1,2";
			};
			name = Release;
		};
		3F3E67C12BEC646C00D28EF8 /* Debug */ = {
			isa = XCBuildConfiguration;
			buildSettings = {
				ALWAYS_EMBED_SWIFT_STANDARD_LIBRARIES = YES;
				BUNDLE_LOADER = "$(TEST_HOST)";
				CODE_SIGN_STYLE = Automatic;
				CURRENT_PROJECT_VERSION = 1;
				GENERATE_INFOPLIST_FILE = YES;
				IPHONEOS_DEPLOYMENT_TARGET = 17.4;
				MARKETING_VERSION = 1.0;
				PRODUCT_BUNDLE_IDENTIFIER = com.taeng.ReadingBooks2Tests;
				PRODUCT_NAME = "$(TARGET_NAME)";
				SWIFT_EMIT_LOC_STRINGS = NO;
				SWIFT_VERSION = 5.0;
				TARGETED_DEVICE_FAMILY = "1,2";
				TEST_HOST = "$(BUILT_PRODUCTS_DIR)/ReadingBooks2.app/$(BUNDLE_EXECUTABLE_FOLDER_PATH)/ReadingBooks2";
			};
			name = Debug;
		};
		3F3E67C22BEC646C00D28EF8 /* Release */ = {
			isa = XCBuildConfiguration;
			buildSettings = {
				ALWAYS_EMBED_SWIFT_STANDARD_LIBRARIES = YES;
				BUNDLE_LOADER = "$(TEST_HOST)";
				CODE_SIGN_STYLE = Automatic;
				CURRENT_PROJECT_VERSION = 1;
				GENERATE_INFOPLIST_FILE = YES;
				IPHONEOS_DEPLOYMENT_TARGET = 17.4;
				MARKETING_VERSION = 1.0;
				PRODUCT_BUNDLE_IDENTIFIER = com.taeng.ReadingBooks2Tests;
				PRODUCT_NAME = "$(TARGET_NAME)";
				SWIFT_EMIT_LOC_STRINGS = NO;
				SWIFT_VERSION = 5.0;
				TARGETED_DEVICE_FAMILY = "1,2";
				TEST_HOST = "$(BUILT_PRODUCTS_DIR)/ReadingBooks2.app/$(BUNDLE_EXECUTABLE_FOLDER_PATH)/ReadingBooks2";
			};
			name = Release;
		};
		3F3E67C42BEC646C00D28EF8 /* Debug */ = {
			isa = XCBuildConfiguration;
			buildSettings = {
				ALWAYS_EMBED_SWIFT_STANDARD_LIBRARIES = YES;
				CODE_SIGN_STYLE = Automatic;
				CURRENT_PROJECT_VERSION = 1;
				GENERATE_INFOPLIST_FILE = YES;
				MARKETING_VERSION = 1.0;
				PRODUCT_BUNDLE_IDENTIFIER = com.taeng.ReadingBooks2UITests;
				PRODUCT_NAME = "$(TARGET_NAME)";
				SWIFT_EMIT_LOC_STRINGS = NO;
				SWIFT_VERSION = 5.0;
				TARGETED_DEVICE_FAMILY = "1,2";
				TEST_TARGET_NAME = ReadingBooks2;
			};
			name = Debug;
		};
		3F3E67C52BEC646C00D28EF8 /* Release */ = {
			isa = XCBuildConfiguration;
			buildSettings = {
				ALWAYS_EMBED_SWIFT_STANDARD_LIBRARIES = YES;
				CODE_SIGN_STYLE = Automatic;
				CURRENT_PROJECT_VERSION = 1;
				GENERATE_INFOPLIST_FILE = YES;
				MARKETING_VERSION = 1.0;
				PRODUCT_BUNDLE_IDENTIFIER = com.taeng.ReadingBooks2UITests;
				PRODUCT_NAME = "$(TARGET_NAME)";
				SWIFT_EMIT_LOC_STRINGS = NO;
				SWIFT_VERSION = 5.0;
				TARGETED_DEVICE_FAMILY = "1,2";
				TEST_TARGET_NAME = ReadingBooks2;
			};
			name = Release;
		};
/* End XCBuildConfiguration section */

/* Begin XCConfigurationList section */
		3F3E678E2BEC646900D28EF8 /* Build configuration list for PBXProject "ReadingBooks2" */ = {
			isa = XCConfigurationList;
			buildConfigurations = (
				3F3E67BB2BEC646C00D28EF8 /* Debug */,
				3F3E67BC2BEC646C00D28EF8 /* Release */,
			);
			defaultConfigurationIsVisible = 0;
			defaultConfigurationName = Release;
		};
		3F3E67BD2BEC646C00D28EF8 /* Build configuration list for PBXNativeTarget "ReadingBooks2" */ = {
			isa = XCConfigurationList;
			buildConfigurations = (
				3F3E67BE2BEC646C00D28EF8 /* Debug */,
				3F3E67BF2BEC646C00D28EF8 /* Release */,
			);
			defaultConfigurationIsVisible = 0;
			defaultConfigurationName = Release;
		};
		3F3E67C02BEC646C00D28EF8 /* Build configuration list for PBXNativeTarget "ReadingBooks2Tests" */ = {
			isa = XCConfigurationList;
			buildConfigurations = (
				3F3E67C12BEC646C00D28EF8 /* Debug */,
				3F3E67C22BEC646C00D28EF8 /* Release */,
			);
			defaultConfigurationIsVisible = 0;
			defaultConfigurationName = Release;
		};
		3F3E67C32BEC646C00D28EF8 /* Build configuration list for PBXNativeTarget "ReadingBooks2UITests" */ = {
			isa = XCConfigurationList;
			buildConfigurations = (
				3F3E67C42BEC646C00D28EF8 /* Debug */,
				3F3E67C52BEC646C00D28EF8 /* Release */,
			);
			defaultConfigurationIsVisible = 0;
			defaultConfigurationName = Release;
		};
/* End XCConfigurationList section */

/* Begin XCRemoteSwiftPackageReference section */
		3F3E67C62BEC64B100D28EF8 /* XCRemoteSwiftPackageReference "SnapKit" */ = {
			isa = XCRemoteSwiftPackageReference;
			repositoryURL = "https://github.com/SnapKit/SnapKit.git";
			requirement = {
				kind = upToNextMajorVersion;
				minimumVersion = 5.7.1;
			};
		};
		3FD8DF522BED513F007F14CD /* XCRemoteSwiftPackageReference "Kingfisher" */ = {
			isa = XCRemoteSwiftPackageReference;
			repositoryURL = "https://github.com/onevcat/Kingfisher.git";
			requirement = {
				kind = upToNextMajorVersion;
				minimumVersion = 7.11.0;
			};
		};
		3FD8DF552BED568B007F14CD /* XCRemoteSwiftPackageReference "Alamofire" */ = {
			isa = XCRemoteSwiftPackageReference;
			repositoryURL = "https://github.com/Alamofire/Alamofire.git";
			requirement = {
				kind = upToNextMajorVersion;
				minimumVersion = 5.9.1;
			};
		};
/* End XCRemoteSwiftPackageReference section */

/* Begin XCSwiftPackageProductDependency section */
		3F3E67C72BEC64B100D28EF8 /* SnapKit */ = {
			isa = XCSwiftPackageProductDependency;
			package = 3F3E67C62BEC64B100D28EF8 /* XCRemoteSwiftPackageReference "SnapKit" */;
			productName = SnapKit;
		};
		3FD8DF532BED513F007F14CD /* Kingfisher */ = {
			isa = XCSwiftPackageProductDependency;
			package = 3FD8DF522BED513F007F14CD /* XCRemoteSwiftPackageReference "Kingfisher" */;
			productName = Kingfisher;
		};
		3FD8DF562BED568B007F14CD /* Alamofire */ = {
			isa = XCSwiftPackageProductDependency;
			package = 3FD8DF552BED568B007F14CD /* XCRemoteSwiftPackageReference "Alamofire" */;
			productName = Alamofire;
		};
/* End XCSwiftPackageProductDependency section */

/* Begin XCVersionGroup section */
		3FD8DF4C2BED4C9D007F14CD /* CoreData.xcdatamodeld */ = {
			isa = XCVersionGroup;
			children = (
				3FD8DF4D2BED4C9D007F14CD /* CoreData.xcdatamodel */,
			);
			currentVersion = 3FD8DF4D2BED4C9D007F14CD /* CoreData.xcdatamodel */;
			name = CoreData.xcdatamodeld;
			path = /Users/kangtaeyeong/Desktop/ReadingBooks2/ReadingBooks2/CoreData.xcdatamodeld;
			sourceTree = "<group>";
			versionGroupType = wrapper.xcdatamodel;
		};
/* End XCVersionGroup section */
	};
	rootObject = 3F3E678B2BEC646900D28EF8 /* Project object */;
}
